
Microsoft Visual Studio Solution File, Format Version 12.00
# Visual Studio Version 16
VisualStudioVersion = 16.0.30621.155
MinimumVisualStudioVersion = 10.0.40219.1
Project("{FAE04EC0-301F-11D3-BF4B-00C04F79EFBC}") = "Asa24LoadTest", "Asa24LoadTest\Asa24LoadTest.csproj", "{0BECF554-401B-41F1-9064-D931D8E9ED56}"
EndProject
Project("{2150E333-8FDC-42A3-9474-1A3956D46DE8}") = "Solution Items", "Solution Items", "{20BA9257-300E-4288-A17E-6D7601FA1598}"
	ProjectSection(SolutionItems) = preProject
		Local.testsettings = Local.testsettings
		libraries\Microsoft.VisualStudio.QualityTools.LoadTestFramework.dll = libraries\Microsoft.VisualStudio.QualityTools.LoadTestFramework.dll
		libraries\Microsoft.VisualStudio.QualityTools.UnitTestFramework.dll = libraries\Microsoft.VisualStudio.QualityTools.UnitTestFramework.dll
		libraries\Microsoft.VisualStudio.QualityTools.WebTestFramework.dll = libraries\Microsoft.VisualStudio.QualityTools.WebTestFramework.dll
		ReadMe.md = ReadMe.md
	EndProjectSection
EndProject
Global
	GlobalSection(SolutionConfigurationPlatforms) = preSolution
		Debug|Any CPU = Debug|Any CPU
		Release|Any CPU = Release|Any CPU
	EndGlobalSection
	GlobalSection(ProjectConfigurationPlatforms) = postSolution
		{0BECF554-401B-41F1-9064-D931D8E9ED56}.Debug|Any CPU.ActiveCfg = Debug|Any CPU
		{0BECF554-401B-41F1-9064-D931D8E9ED56}.Debug|Any CPU.Build.0 = Debug|Any CPU
		{0BECF554-401B-41F1-9064-D931D8E9ED56}.Release|Any CPU.ActiveCfg = Release|Any CPU
		{0BECF554-401B-41F1-9064-D931D8E9ED56}.Release|Any CPU.Build.0 = Release|Any CPU
	EndGlobalSection
	GlobalSection(SolutionProperties) = preSolution
		HideSolutionNode = FALSE
	EndGlobalSection
	GlobalSection(ExtensibilityGlobals) = postSolution
		SolutionGuid = {3A8191CE-4E1B-420F-B5CD-580934A09AC9}
	EndGlobalSection
EndGlobal
