
Microsoft Visual Studio Solution File, Format Version 12.00
# Visual Studio 15
VisualStudioVersion = 15.0.26430.13
MinimumVisualStudioVersion = 10.0.40219.1
Project("{FAE04EC0-301F-11D3-BF4B-00C04F79EFBC}") = "Asa24LoadTest", "Asa24LoadTest\Asa24LoadTest.csproj", "{0BECF554-401B-41F1-9064-D931D8E9ED56}"
EndProject
Project("{2150E333-8FDC-42A3-9474-1A3956D46DE8}") = "Solution Items", "Solution Items", "{20BA9257-300E-4288-A17E-6D7601FA1598}"
	ProjectSection(SolutionItems) = preProject
		Local.testsettings = Local.testsettings
	EndProjectSection
EndProject
Global
	GlobalSection(SolutionConfigurationPlatforms) = preSolution
		Debug|Any CPU = Debug|Any CPU
		Release|Any CPU = Release|Any CPU
	EndGlobalSection
	GlobalSection(ProjectConfigurationPlatforms) = postSolution
		{0BECF554-401B-41F1-9064-D931D8E9ED56}.Debug|Any CPU.ActiveCfg = Debug|Any CPU
		{0BECF554-401B-41F1-9064-D931D8E9ED56}.Debug|Any CPU.Build.0 = Debug|Any CPU
		{0BECF554-401B-41F1-9064-D931D8E9ED56}.Release|Any CPU.ActiveCfg = Release|Any CPU
		{0BECF554-401B-41F1-9064-D931D8E9ED56}.Release|Any CPU.Build.0 = Release|Any CPU
	EndGlobalSection
	GlobalSection(SolutionProperties) = preSolution
		HideSolutionNode = FALSE
	EndGlobalSection
	GlobalSection(TeamFoundationVersionControl) = preSolution
		SccNumberOfProjects = 2
		SccEnterpriseProvider = {4CA58AB2-18FA-4F8D-95D4-32DDF27D184C}
		SccTeamFoundationServer = http://westfs13:8080/tfs/hasson-cbingleygrp
		SccLocalPath0 = .
		SccProjectUniqueName1 = Asa24LoadTest\\Asa24LoadTest.csproj
		SccProjectName1 = Asa24LoadTest
		SccLocalPath1 = Asa24LoadTest
	EndGlobalSection
EndGlobal
